{
  "object": {
    "pins": [
      {
        "package": "Poly",
        "repositoryURL": "https://github.com/mattpolzin/Poly.git",
        "state": {
          "branch": null,
          "revision": "4a08517b24f8e9f6dd8c02ec7da316aac5c00e2e",
          "version": "2.1.0"
        }
      }
    ]
  },
  "version": 1
}
