{
  "object": {
    "pins": [
      {
        "package": "Poly",
        "repositoryURL": "https://github.com/mattpolzin/Poly.git",
        "state": {
          "branch": null,
          "revision": "fb90ab22a09fe32e8cb152f7dea344df82a59d53",
          "version": "2.7.0"
        }
      }
    ]
  },
  "version": 1
}
