{
  "object": {
    "pins": [
      {
        "package": "Poly",
        "repositoryURL": "https://github.com/mattpolzin/Poly.git",
        "state": {
          "branch": null,
          "revision": "18cd995be5c28c4dfdc1464e54ee0efb03e215bf",
          "version": "2.3.0"
        }
      }
    ]
  },
  "version": 1
}
